// !$*UTF8*$!
{
	archiveVersion = 1;
	classes = {
	};
	objectVersion = 51;
	objects = {

/* Begin PBXBuildFile section */
		6872E45A302E17A1D8E9D080 /* Pods_ShopAppTests.framework in Frameworks */ = {isa = PBXBuildFile; fileRef = 36432E8EBEB0B59E5E061EF0 /* Pods_ShopAppTests.framework */; };
		8967F6236B1E69E737246230 /* Pods_ShopApp.framework in Frameworks */ = {isa = PBXBuildFile; fileRef = B18873E26F4131319879DA49 /* Pods_ShopApp.framework */; };
		8EB5C19886A43A07CEC3C02C /* Pods_ShopApp_ShopAppUITests.framework in Frameworks */ = {isa = PBXBuildFile; fileRef = B81C7C001BC55B53B2CA4E7D /* Pods_ShopApp_ShopAppUITests.framework */; };
		FE103A9926821EC60096DBE8 /* AbstractErrorParser.swift in Sources */ = {isa = PBXBuildFile; fileRef = FE103A9826821EC60096DBE8 /* AbstractErrorParser.swift */; };
		FE103A9B26821EE10096DBE8 /* ErrorParser.swift in Sources */ = {isa = PBXBuildFile; fileRef = FE103A9A26821EE10096DBE8 /* ErrorParser.swift */; };
		FE103A9E26821F110096DBE8 /* DataRequest.swift in Sources */ = {isa = PBXBuildFile; fileRef = FE103A9D26821F110096DBE8 /* DataRequest.swift */; };
		FE103AA1268221220096DBE8 /* AbstractRequestFactory.swift in Sources */ = {isa = PBXBuildFile; fileRef = FE103AA0268221220096DBE8 /* AbstractRequestFactory.swift */; };
		FE103AA3268221420096DBE8 /* RequestRouter.swift in Sources */ = {isa = PBXBuildFile; fileRef = FE103AA2268221420096DBE8 /* RequestRouter.swift */; };
		FE103AA5268221690096DBE8 /* LoginResult.swift in Sources */ = {isa = PBXBuildFile; fileRef = FE103AA4268221690096DBE8 /* LoginResult.swift */; };
		FE103AA7268221720096DBE8 /* User.swift in Sources */ = {isa = PBXBuildFile; fileRef = FE103AA6268221720096DBE8 /* User.swift */; };
		FE103AAA268221E10096DBE8 /* PersonalAreaRequestFactory.swift in Sources */ = {isa = PBXBuildFile; fileRef = FE103AA9268221E10096DBE8 /* PersonalAreaRequestFactory.swift */; };
		FE103AAC268221F20096DBE8 /* PersonalArea.swift in Sources */ = {isa = PBXBuildFile; fileRef = FE103AAB268221F20096DBE8 /* PersonalArea.swift */; };
		FE103AAF268222250096DBE8 /* RequestFactory.swift in Sources */ = {isa = PBXBuildFile; fileRef = FE103AAE268222250096DBE8 /* RequestFactory.swift */; };
		FE103AB62685FEDC0096DBE8 /* DefaultResult.swift in Sources */ = {isa = PBXBuildFile; fileRef = FE103AB52685FEDC0096DBE8 /* DefaultResult.swift */; };
		FE103ABA2685FFE00096DBE8 /* LogoutResult.swift in Sources */ = {isa = PBXBuildFile; fileRef = FE103AB92685FFE00096DBE8 /* LogoutResult.swift */; };
		FE103ABC2686052C0096DBE8 /* Constant.swift in Sources */ = {isa = PBXBuildFile; fileRef = FE103ABB2686052C0096DBE8 /* Constant.swift */; };
		FE103ABF268608700096DBE8 /* UserData.swift in Sources */ = {isa = PBXBuildFile; fileRef = FE103ABE268608700096DBE8 /* UserData.swift */; };
		FE103AC12686156E0096DBE8 /* CheckInResult.swift in Sources */ = {isa = PBXBuildFile; fileRef = FE103AC02686156E0096DBE8 /* CheckInResult.swift */; };
		FE103AC3268615B30096DBE8 /* ChangeDataResult.swift in Sources */ = {isa = PBXBuildFile; fileRef = FE103AC2268615B30096DBE8 /* ChangeDataResult.swift */; };
		FE103ACA268B1B0E0096DBE8 /* TestConstant.swift in Sources */ = {isa = PBXBuildFile; fileRef = FE103AC9268B1B0E0096DBE8 /* TestConstant.swift */; };
		FE103ACD268B201F0096DBE8 /* Catalog.swift in Sources */ = {isa = PBXBuildFile; fileRef = FE103ACC268B201F0096DBE8 /* Catalog.swift */; };
		FE103ACF268B204C0096DBE8 /* CatalogRequestFactory.swift in Sources */ = {isa = PBXBuildFile; fileRef = FE103ACE268B204C0096DBE8 /* CatalogRequestFactory.swift */; };
		FE103AD3268B21A20096DBE8 /* Product.swift in Sources */ = {isa = PBXBuildFile; fileRef = FE103AD2268B21A20096DBE8 /* Product.swift */; };
		FE103AD5268B253A0096DBE8 /* OnlyBasicUrl.swift in Sources */ = {isa = PBXBuildFile; fileRef = FE103AD4268B253A0096DBE8 /* OnlyBasicUrl.swift */; };
		FE103AD7268B2E0A0096DBE8 /* ShopAppCatalogTests.swift in Sources */ = {isa = PBXBuildFile; fileRef = FE103AD6268B2E0A0096DBE8 /* ShopAppCatalogTests.swift */; };
		FE820000267E082E008DDA1E /* ShopAppUITests.swift in Sources */ = {isa = PBXBuildFile; fileRef = FE82FFFF267E082E008DDA1E /* ShopAppUITests.swift */; };
		FE82FFDE267E082D008DDA1E /* AppDelegate.swift in Sources */ = {isa = PBXBuildFile; fileRef = FE82FFDD267E082D008DDA1E /* AppDelegate.swift */; };
		FE82FFE0267E082D008DDA1E /* SceneDelegate.swift in Sources */ = {isa = PBXBuildFile; fileRef = FE82FFDF267E082D008DDA1E /* SceneDelegate.swift */; };
		FE82FFE7267E082E008DDA1E /* Assets.xcassets in Resources */ = {isa = PBXBuildFile; fileRef = FE82FFE6267E082E008DDA1E /* Assets.xcassets */; };
		FE82FFEA267E082E008DDA1E /* LaunchScreen.storyboard in Resources */ = {isa = PBXBuildFile; fileRef = FE82FFE8267E082E008DDA1E /* LaunchScreen.storyboard */; };
		FE82FFF5267E082E008DDA1E /* ShopAppPersonalAreaTests.swift in Sources */ = {isa = PBXBuildFile; fileRef = FE82FFF4267E082E008DDA1E /* ShopAppPersonalAreaTests.swift */; };
/* End PBXBuildFile section */

/* Begin PBXContainerItemProxy section */
		FE82FFF1267E082E008DDA1E /* PBXContainerItemProxy */ = {
			isa = PBXContainerItemProxy;
			containerPortal = FE82FFD2267E082D008DDA1E /* Project object */;
			proxyType = 1;
			remoteGlobalIDString = FE82FFD9267E082D008DDA1E;
			remoteInfo = ShopApp;
		};
		FE82FFFC267E082E008DDA1E /* PBXContainerItemProxy */ = {
			isa = PBXContainerItemProxy;
			containerPortal = FE82FFD2267E082D008DDA1E /* Project object */;
			proxyType = 1;
			remoteGlobalIDString = FE82FFD9267E082D008DDA1E;
			remoteInfo = ShopApp;
		};
/* End PBXContainerItemProxy section */

/* Begin PBXFileReference section */
		03D760D2456488B09D0118CE /* Pods-ShopApp.debug.xcconfig */ = {isa = PBXFileReference; includeInIndex = 1; lastKnownFileType = text.xcconfig; name = "Pods-ShopApp.debug.xcconfig"; path = "Target Support Files/Pods-ShopApp/Pods-ShopApp.debug.xcconfig"; sourceTree = "<group>"; };
		36432E8EBEB0B59E5E061EF0 /* Pods_ShopAppTests.framework */ = {isa = PBXFileReference; explicitFileType = wrapper.framework; includeInIndex = 0; path = Pods_ShopAppTests.framework; sourceTree = BUILT_PRODUCTS_DIR; };
		3C28CA805B8CB2C7F43958A7 /* Pods-ShopAppTests.debug.xcconfig */ = {isa = PBXFileReference; includeInIndex = 1; lastKnownFileType = text.xcconfig; name = "Pods-ShopAppTests.debug.xcconfig"; path = "Target Support Files/Pods-ShopAppTests/Pods-ShopAppTests.debug.xcconfig"; sourceTree = "<group>"; };
		4960DC47E3B63E64EE7D05CF /* Pods-ShopApp.release.xcconfig */ = {isa = PBXFileReference; includeInIndex = 1; lastKnownFileType = text.xcconfig; name = "Pods-ShopApp.release.xcconfig"; path = "Target Support Files/Pods-ShopApp/Pods-ShopApp.release.xcconfig"; sourceTree = "<group>"; };
		53C3BEFCF3E06C7B5BB1ED88 /* Pods-ShopApp-ShopAppUITests.release.xcconfig */ = {isa = PBXFileReference; includeInIndex = 1; lastKnownFileType = text.xcconfig; name = "Pods-ShopApp-ShopAppUITests.release.xcconfig"; path = "Target Support Files/Pods-ShopApp-ShopAppUITests/Pods-ShopApp-ShopAppUITests.release.xcconfig"; sourceTree = "<group>"; };
		B18873E26F4131319879DA49 /* Pods_ShopApp.framework */ = {isa = PBXFileReference; explicitFileType = wrapper.framework; includeInIndex = 0; path = Pods_ShopApp.framework; sourceTree = BUILT_PRODUCTS_DIR; };
		B81C7C001BC55B53B2CA4E7D /* Pods_ShopApp_ShopAppUITests.framework */ = {isa = PBXFileReference; explicitFileType = wrapper.framework; includeInIndex = 0; path = Pods_ShopApp_ShopAppUITests.framework; sourceTree = BUILT_PRODUCTS_DIR; };
		BA0BFE8996D6E7DB4CB43601 /* Pods-ShopApp-ShopAppUITests.debug.xcconfig */ = {isa = PBXFileReference; includeInIndex = 1; lastKnownFileType = text.xcconfig; name = "Pods-ShopApp-ShopAppUITests.debug.xcconfig"; path = "Target Support Files/Pods-ShopApp-ShopAppUITests/Pods-ShopApp-ShopAppUITests.debug.xcconfig"; sourceTree = "<group>"; };
		E61E925B9F9EE1BF511AF495 /* Pods-ShopAppTests.release.xcconfig */ = {isa = PBXFileReference; includeInIndex = 1; lastKnownFileType = text.xcconfig; name = "Pods-ShopAppTests.release.xcconfig"; path = "Target Support Files/Pods-ShopAppTests/Pods-ShopAppTests.release.xcconfig"; sourceTree = "<group>"; };
		FE103A9826821EC60096DBE8 /* AbstractErrorParser.swift */ = {isa = PBXFileReference; lastKnownFileType = sourcecode.swift; path = AbstractErrorParser.swift; sourceTree = "<group>"; };
		FE103A9A26821EE10096DBE8 /* ErrorParser.swift */ = {isa = PBXFileReference; lastKnownFileType = sourcecode.swift; path = ErrorParser.swift; sourceTree = "<group>"; };
		FE103A9D26821F110096DBE8 /* DataRequest.swift */ = {isa = PBXFileReference; lastKnownFileType = sourcecode.swift; path = DataRequest.swift; sourceTree = "<group>"; };
		FE103AA0268221220096DBE8 /* AbstractRequestFactory.swift */ = {isa = PBXFileReference; lastKnownFileType = sourcecode.swift; path = AbstractRequestFactory.swift; sourceTree = "<group>"; };
		FE103AA2268221420096DBE8 /* RequestRouter.swift */ = {isa = PBXFileReference; lastKnownFileType = sourcecode.swift; path = RequestRouter.swift; sourceTree = "<group>"; };
		FE103AA4268221690096DBE8 /* LoginResult.swift */ = {isa = PBXFileReference; lastKnownFileType = sourcecode.swift; path = LoginResult.swift; sourceTree = "<group>"; };
		FE103AA6268221720096DBE8 /* User.swift */ = {isa = PBXFileReference; lastKnownFileType = sourcecode.swift; path = User.swift; sourceTree = "<group>"; };
		FE103AA9268221E10096DBE8 /* PersonalAreaRequestFactory.swift */ = {isa = PBXFileReference; lastKnownFileType = sourcecode.swift; path = PersonalAreaRequestFactory.swift; sourceTree = "<group>"; };
		FE103AAB268221F20096DBE8 /* PersonalArea.swift */ = {isa = PBXFileReference; lastKnownFileType = sourcecode.swift; path = PersonalArea.swift; sourceTree = "<group>"; };
		FE103AAE268222250096DBE8 /* RequestFactory.swift */ = {isa = PBXFileReference; lastKnownFileType = sourcecode.swift; path = RequestFactory.swift; sourceTree = "<group>"; };
		FE103AB52685FEDC0096DBE8 /* DefaultResult.swift */ = {isa = PBXFileReference; lastKnownFileType = sourcecode.swift; path = DefaultResult.swift; sourceTree = "<group>"; };
		FE103AB92685FFE00096DBE8 /* LogoutResult.swift */ = {isa = PBXFileReference; lastKnownFileType = sourcecode.swift; path = LogoutResult.swift; sourceTree = "<group>"; };
		FE103ABB2686052C0096DBE8 /* Constant.swift */ = {isa = PBXFileReference; lastKnownFileType = sourcecode.swift; path = Constant.swift; sourceTree = "<group>"; };
		FE103ABE268608700096DBE8 /* UserData.swift */ = {isa = PBXFileReference; lastKnownFileType = sourcecode.swift; path = UserData.swift; sourceTree = "<group>"; };
		FE103AC02686156E0096DBE8 /* CheckInResult.swift */ = {isa = PBXFileReference; lastKnownFileType = sourcecode.swift; path = CheckInResult.swift; sourceTree = "<group>"; };
		FE103AC2268615B30096DBE8 /* ChangeDataResult.swift */ = {isa = PBXFileReference; lastKnownFileType = sourcecode.swift; path = ChangeDataResult.swift; sourceTree = "<group>"; };
		FE103AC5268B0C730096DBE8 /* All.xctestplan */ = {isa = PBXFileReference; lastKnownFileType = text; path = All.xctestplan; sourceTree = "<group>"; };
		FE103AC6268B0CC80096DBE8 /* Unit.xctestplan */ = {isa = PBXFileReference; lastKnownFileType = text; path = Unit.xctestplan; sourceTree = "<group>"; };
		FE103AC7268B0CD90096DBE8 /* UI.xctestplan */ = {isa = PBXFileReference; lastKnownFileType = text; path = UI.xctestplan; sourceTree = "<group>"; };
		FE103AC9268B1B0E0096DBE8 /* TestConstant.swift */ = {isa = PBXFileReference; lastKnownFileType = sourcecode.swift; path = TestConstant.swift; sourceTree = "<group>"; };
		FE103ACC268B201F0096DBE8 /* Catalog.swift */ = {isa = PBXFileReference; lastKnownFileType = sourcecode.swift; path = Catalog.swift; sourceTree = "<group>"; };
		FE103ACE268B204C0096DBE8 /* CatalogRequestFactory.swift */ = {isa = PBXFileReference; lastKnownFileType = sourcecode.swift; path = CatalogRequestFactory.swift; sourceTree = "<group>"; };
		FE103AD2268B21A20096DBE8 /* Product.swift */ = {isa = PBXFileReference; lastKnownFileType = sourcecode.swift; path = Product.swift; sourceTree = "<group>"; };
		FE103AD4268B253A0096DBE8 /* OnlyBasicUrl.swift */ = {isa = PBXFileReference; lastKnownFileType = sourcecode.swift; path = OnlyBasicUrl.swift; sourceTree = "<group>"; };
		FE103AD6268B2E0A0096DBE8 /* ShopAppCatalogTests.swift */ = {isa = PBXFileReference; lastKnownFileType = sourcecode.swift; path = ShopAppCatalogTests.swift; sourceTree = "<group>"; };
		FE820001267E082E008DDA1E /* Info.plist */ = {isa = PBXFileReference; lastKnownFileType = text.plist.xml; path = Info.plist; sourceTree = "<group>"; };
		FE82FFDA267E082D008DDA1E /* ShopApp.app */ = {isa = PBXFileReference; explicitFileType = wrapper.application; includeInIndex = 0; path = ShopApp.app; sourceTree = BUILT_PRODUCTS_DIR; };
		FE82FFDD267E082D008DDA1E /* AppDelegate.swift */ = {isa = PBXFileReference; lastKnownFileType = sourcecode.swift; path = AppDelegate.swift; sourceTree = "<group>"; };
		FE82FFDF267E082D008DDA1E /* SceneDelegate.swift */ = {isa = PBXFileReference; lastKnownFileType = sourcecode.swift; path = SceneDelegate.swift; sourceTree = "<group>"; };
		FE82FFE6267E082E008DDA1E /* Assets.xcassets */ = {isa = PBXFileReference; lastKnownFileType = folder.assetcatalog; path = Assets.xcassets; sourceTree = "<group>"; };
		FE82FFE9267E082E008DDA1E /* Base */ = {isa = PBXFileReference; lastKnownFileType = file.storyboard; name = Base; path = Base.lproj/LaunchScreen.storyboard; sourceTree = "<group>"; };
		FE82FFEB267E082E008DDA1E /* Info.plist */ = {isa = PBXFileReference; lastKnownFileType = text.plist.xml; path = Info.plist; sourceTree = "<group>"; };
		FE82FFF0267E082E008DDA1E /* ShopAppTests.xctest */ = {isa = PBXFileReference; explicitFileType = wrapper.cfbundle; includeInIndex = 0; path = ShopAppTests.xctest; sourceTree = BUILT_PRODUCTS_DIR; };
		FE82FFF4267E082E008DDA1E /* ShopAppPersonalAreaTests.swift */ = {isa = PBXFileReference; lastKnownFileType = sourcecode.swift; path = ShopAppPersonalAreaTests.swift; sourceTree = "<group>"; };
		FE82FFF6267E082E008DDA1E /* Info.plist */ = {isa = PBXFileReference; lastKnownFileType = text.plist.xml; path = Info.plist; sourceTree = "<group>"; };
		FE82FFFB267E082E008DDA1E /* ShopAppUITests.xctest */ = {isa = PBXFileReference; explicitFileType = wrapper.cfbundle; includeInIndex = 0; path = ShopAppUITests.xctest; sourceTree = BUILT_PRODUCTS_DIR; };
		FE82FFFF267E082E008DDA1E /* ShopAppUITests.swift */ = {isa = PBXFileReference; lastKnownFileType = sourcecode.swift; path = ShopAppUITests.swift; sourceTree = "<group>"; };
/* End PBXFileReference section */

/* Begin PBXFrameworksBuildPhase section */
		FE82FFD7267E082D008DDA1E /* Frameworks */ = {
			isa = PBXFrameworksBuildPhase;
			buildActionMask = 2147483647;
			files = (
				8967F6236B1E69E737246230 /* Pods_ShopApp.framework in Frameworks */,
			);
			runOnlyForDeploymentPostprocessing = 0;
		};
		FE82FFED267E082E008DDA1E /* Frameworks */ = {
			isa = PBXFrameworksBuildPhase;
			buildActionMask = 2147483647;
			files = (
				6872E45A302E17A1D8E9D080 /* Pods_ShopAppTests.framework in Frameworks */,
			);
			runOnlyForDeploymentPostprocessing = 0;
		};
		FE82FFF8267E082E008DDA1E /* Frameworks */ = {
			isa = PBXFrameworksBuildPhase;
			buildActionMask = 2147483647;
			files = (
				8EB5C19886A43A07CEC3C02C /* Pods_ShopApp_ShopAppUITests.framework in Frameworks */,
			);
			runOnlyForDeploymentPostprocessing = 0;
		};
/* End PBXFrameworksBuildPhase section */

/* Begin PBXGroup section */
		C8C78107852AD51E4DBD7E10 /* Frameworks */ = {
			isa = PBXGroup;
			children = (
				B18873E26F4131319879DA49 /* Pods_ShopApp.framework */,
				B81C7C001BC55B53B2CA4E7D /* Pods_ShopApp_ShopAppUITests.framework */,
				36432E8EBEB0B59E5E061EF0 /* Pods_ShopAppTests.framework */,
			);
			name = Frameworks;
			sourceTree = "<group>";
		};
		C9D12F4E82C1DBA469209F24 /* Pods */ = {
			isa = PBXGroup;
			children = (
				03D760D2456488B09D0118CE /* Pods-ShopApp.debug.xcconfig */,
				4960DC47E3B63E64EE7D05CF /* Pods-ShopApp.release.xcconfig */,
				BA0BFE8996D6E7DB4CB43601 /* Pods-ShopApp-ShopAppUITests.debug.xcconfig */,
				53C3BEFCF3E06C7B5BB1ED88 /* Pods-ShopApp-ShopAppUITests.release.xcconfig */,
				3C28CA805B8CB2C7F43958A7 /* Pods-ShopAppTests.debug.xcconfig */,
				E61E925B9F9EE1BF511AF495 /* Pods-ShopAppTests.release.xcconfig */,
			);
			path = Pods;
			sourceTree = "<group>";
		};
		FE103A9726821EBE0096DBE8 /* Network */ = {
			isa = PBXGroup;
			children = (
				FE103AB02685F3530096DBE8 /* Core */,
				FE103AA8268221990096DBE8 /* BusinessLogic */,
			);
			path = Network;
			sourceTree = "<group>";
		};
		FE103AA8268221990096DBE8 /* BusinessLogic */ = {
			isa = PBXGroup;
			children = (
				FE103AAE268222250096DBE8 /* RequestFactory.swift */,
				FE103AB12685F3AF0096DBE8 /* Protocols */,
				FE103AAB268221F20096DBE8 /* PersonalArea.swift */,
				FE103ACC268B201F0096DBE8 /* Catalog.swift */,
			);
			path = BusinessLogic;
			sourceTree = "<group>";
		};
		FE103AB02685F3530096DBE8 /* Core */ = {
			isa = PBXGroup;
			children = (
				FE103A9826821EC60096DBE8 /* AbstractErrorParser.swift */,
				FE103A9A26821EE10096DBE8 /* ErrorParser.swift */,
				FE103A9D26821F110096DBE8 /* DataRequest.swift */,
				FE103AA0268221220096DBE8 /* AbstractRequestFactory.swift */,
				FE103AA2268221420096DBE8 /* RequestRouter.swift */,
			);
			path = Core;
			sourceTree = "<group>";
		};
		FE103AB12685F3AF0096DBE8 /* Protocols */ = {
			isa = PBXGroup;
			children = (
				FE103AA9268221E10096DBE8 /* PersonalAreaRequestFactory.swift */,
				FE103ACE268B204C0096DBE8 /* CatalogRequestFactory.swift */,
			);
			path = Protocols;
			sourceTree = "<group>";
		};
		FE103AB72685FF530096DBE8 /* Result */ = {
			isa = PBXGroup;
			children = (
				FE103AD1268B215E0096DBE8 /* Catalog */,
				FE103AD0268B20FA0096DBE8 /* Personal Area */,
				FE103AB82685FFD30096DBE8 /* Base */,
			);
			path = Result;
			sourceTree = "<group>";
		};
		FE103AB82685FFD30096DBE8 /* Base */ = {
			isa = PBXGroup;
			children = (
				FE103AB52685FEDC0096DBE8 /* DefaultResult.swift */,
			);
			path = Base;
			sourceTree = "<group>";
		};
		FE103ABD2686081C0096DBE8 /* Query */ = {
			isa = PBXGroup;
			children = (
				FE103ABE268608700096DBE8 /* UserData.swift */,
				FE103AD4268B253A0096DBE8 /* OnlyBasicUrl.swift */,
			);
			path = Query;
			sourceTree = "<group>";
		};
		FE103AC4268B0C380096DBE8 /* Testplanes */ = {
			isa = PBXGroup;
			children = (
				FE103AC5268B0C730096DBE8 /* All.xctestplan */,
				FE103AC6268B0CC80096DBE8 /* Unit.xctestplan */,
				FE103AC7268B0CD90096DBE8 /* UI.xctestplan */,
			);
			path = Testplanes;
			sourceTree = "<group>";
		};
		FE103AC8268B1AFB0096DBE8 /* Personal Area */ = {
			isa = PBXGroup;
			children = (
				FE82FFF4267E082E008DDA1E /* ShopAppPersonalAreaTests.swift */,
			);
			path = "Personal Area";
			sourceTree = "<group>";
		};
		FE103ACB268B1F890096DBE8 /* Catalog */ = {
			isa = PBXGroup;
			children = (
				FE103AD6268B2E0A0096DBE8 /* ShopAppCatalogTests.swift */,
			);
			path = Catalog;
			sourceTree = "<group>";
		};
		FE103AD0268B20FA0096DBE8 /* Personal Area */ = {
			isa = PBXGroup;
			children = (
				FE103AA4268221690096DBE8 /* LoginResult.swift */,
				FE103AB92685FFE00096DBE8 /* LogoutResult.swift */,
				FE103AC02686156E0096DBE8 /* CheckInResult.swift */,
				FE103AC2268615B30096DBE8 /* ChangeDataResult.swift */,
			);
			path = "Personal Area";
			sourceTree = "<group>";
		};
		FE103AD1268B215E0096DBE8 /* Catalog */ = {
			isa = PBXGroup;
			children = (
				FE103AD2268B21A20096DBE8 /* Product.swift */,
			);
			path = Catalog;
			sourceTree = "<group>";
		};
		FE82000D267E0BA7008DDA1E /* App */ = {
			isa = PBXGroup;
			children = (
				FE82FFDD267E082D008DDA1E /* AppDelegate.swift */,
				FE82FFDF267E082D008DDA1E /* SceneDelegate.swift */,
				FE820011267E0BC6008DDA1E /* Flows */,
				FE820010267E0BBA008DDA1E /* Assembly */,
				FE82000F267E0BB5008DDA1E /* Entity */,
				FE82000E267E0BB0008DDA1E /* BussinesLogic */,
			);
			path = App;
			sourceTree = "<group>";
		};
		FE82000E267E0BB0008DDA1E /* BussinesLogic */ = {
			isa = PBXGroup;
			children = (
			);
			path = BussinesLogic;
			sourceTree = "<group>";
		};
		FE82000F267E0BB5008DDA1E /* Entity */ = {
			isa = PBXGroup;
			children = (
				FE103ABD2686081C0096DBE8 /* Query */,
				FE103AB72685FF530096DBE8 /* Result */,
				FE103AA6268221720096DBE8 /* User.swift */,
			);
			path = Entity;
			sourceTree = "<group>";
		};
		FE820010267E0BBA008DDA1E /* Assembly */ = {
			isa = PBXGroup;
			children = (
			);
			path = Assembly;
			sourceTree = "<group>";
		};
		FE820011267E0BC6008DDA1E /* Flows */ = {
			isa = PBXGroup;
			children = (
			);
			path = Flows;
			sourceTree = "<group>";
		};
		FE820012267E0BCB008DDA1E /* Core */ = {
			isa = PBXGroup;
			children = (
				FE103ABB2686052C0096DBE8 /* Constant.swift */,
				FE103A9726821EBE0096DBE8 /* Network */,
			);
			path = Core;
			sourceTree = "<group>";
		};
		FE820013267E0BD1008DDA1E /* Resources */ = {
			isa = PBXGroup;
			children = (
				FE82FFE8267E082E008DDA1E /* LaunchScreen.storyboard */,
				FE82FFE6267E082E008DDA1E /* Assets.xcassets */,
			);
			path = Resources;
			sourceTree = "<group>";
		};
		FE820014267E0BE0008DDA1E /* Environments */ = {
			isa = PBXGroup;
			children = (
				FE82FFEB267E082E008DDA1E /* Info.plist */,
			);
			path = Environments;
			sourceTree = "<group>";
		};
		FE82FFD1267E082D008DDA1E = {
			isa = PBXGroup;
			children = (
				FE82FFDC267E082D008DDA1E /* ShopApp */,
				FE82FFF3267E082E008DDA1E /* ShopAppTests */,
				FE82FFFE267E082E008DDA1E /* ShopAppUITests */,
				FE82FFDB267E082D008DDA1E /* Products */,
				C9D12F4E82C1DBA469209F24 /* Pods */,
				C8C78107852AD51E4DBD7E10 /* Frameworks */,
			);
			sourceTree = "<group>";
		};
		FE82FFDB267E082D008DDA1E /* Products */ = {
			isa = PBXGroup;
			children = (
				FE82FFDA267E082D008DDA1E /* ShopApp.app */,
				FE82FFF0267E082E008DDA1E /* ShopAppTests.xctest */,
				FE82FFFB267E082E008DDA1E /* ShopAppUITests.xctest */,
			);
			name = Products;
			sourceTree = "<group>";
		};
		FE82FFDC267E082D008DDA1E /* ShopApp */ = {
			isa = PBXGroup;
			children = (
				FE103AC4268B0C380096DBE8 /* Testplanes */,
				FE820014267E0BE0008DDA1E /* Environments */,
				FE820013267E0BD1008DDA1E /* Resources */,
				FE820012267E0BCB008DDA1E /* Core */,
				FE82000D267E0BA7008DDA1E /* App */,
			);
			path = ShopApp;
			sourceTree = "<group>";
		};
		FE82FFF3267E082E008DDA1E /* ShopAppTests */ = {
			isa = PBXGroup;
			children = (
				FE103ACB268B1F890096DBE8 /* Catalog */,
				FE103AC8268B1AFB0096DBE8 /* Personal Area */,
				FE82FFF6267E082E008DDA1E /* Info.plist */,
				FE103AC9268B1B0E0096DBE8 /* TestConstant.swift */,
			);
			path = ShopAppTests;
			sourceTree = "<group>";
		};
		FE82FFFE267E082E008DDA1E /* ShopAppUITests */ = {
			isa = PBXGroup;
			children = (
				FE82FFFF267E082E008DDA1E /* ShopAppUITests.swift */,
				FE820001267E082E008DDA1E /* Info.plist */,
			);
			path = ShopAppUITests;
			sourceTree = "<group>";
		};
/* End PBXGroup section */

/* Begin PBXNativeTarget section */
		FE82FFD9267E082D008DDA1E /* ShopApp */ = {
			isa = PBXNativeTarget;
			buildConfigurationList = FE820004267E082E008DDA1E /* Build configuration list for PBXNativeTarget "ShopApp" */;
			buildPhases = (
				6CDCC269DD92C551067968F9 /* [CP] Check Pods Manifest.lock */,
				FE82FFD6267E082D008DDA1E /* Sources */,
				FE82FFD7267E082D008DDA1E /* Frameworks */,
				FE82FFD8267E082D008DDA1E /* Resources */,
				94DB8CD064D54BEF3B5E3CCB /* [CP] Embed Pods Frameworks */,
			);
			buildRules = (
			);
			dependencies = (
			);
			name = ShopApp;
			productName = ShopApp;
			productReference = FE82FFDA267E082D008DDA1E /* ShopApp.app */;
			productType = "com.apple.product-type.application";
		};
		FE82FFEF267E082E008DDA1E /* ShopAppTests */ = {
			isa = PBXNativeTarget;
			buildConfigurationList = FE820007267E082E008DDA1E /* Build configuration list for PBXNativeTarget "ShopAppTests" */;
			buildPhases = (
				14368A21AC7C711E3FA0686B /* [CP] Check Pods Manifest.lock */,
				FE82FFEC267E082E008DDA1E /* Sources */,
				FE82FFED267E082E008DDA1E /* Frameworks */,
				FE82FFEE267E082E008DDA1E /* Resources */,
			);
			buildRules = (
			);
			dependencies = (
				FE82FFF2267E082E008DDA1E /* PBXTargetDependency */,
			);
			name = ShopAppTests;
			productName = ShopAppTests;
			productReference = FE82FFF0267E082E008DDA1E /* ShopAppTests.xctest */;
			productType = "com.apple.product-type.bundle.unit-test";
		};
		FE82FFFA267E082E008DDA1E /* ShopAppUITests */ = {
			isa = PBXNativeTarget;
			buildConfigurationList = FE82000A267E082E008DDA1E /* Build configuration list for PBXNativeTarget "ShopAppUITests" */;
			buildPhases = (
				B399F61EB8B82416D9836A58 /* [CP] Check Pods Manifest.lock */,
				FE82FFF7267E082E008DDA1E /* Sources */,
				FE82FFF8267E082E008DDA1E /* Frameworks */,
				FE82FFF9267E082E008DDA1E /* Resources */,
				B4612333CDF67676D5C34BDC /* [CP] Embed Pods Frameworks */,
			);
			buildRules = (
			);
			dependencies = (
				FE82FFFD267E082E008DDA1E /* PBXTargetDependency */,
			);
			name = ShopAppUITests;
			productName = ShopAppUITests;
			productReference = FE82FFFB267E082E008DDA1E /* ShopAppUITests.xctest */;
			productType = "com.apple.product-type.bundle.ui-testing";
		};
/* End PBXNativeTarget section */

/* Begin PBXProject section */
		FE82FFD2267E082D008DDA1E /* Project object */ = {
			isa = PBXProject;
			attributes = {
				LastSwiftUpdateCheck = 1250;
				LastUpgradeCheck = 1250;
				TargetAttributes = {
					FE82FFD9267E082D008DDA1E = {
						CreatedOnToolsVersion = 12.5;
					};
					FE82FFEF267E082E008DDA1E = {
						CreatedOnToolsVersion = 12.5;
						TestTargetID = FE82FFD9267E082D008DDA1E;
					};
					FE82FFFA267E082E008DDA1E = {
						CreatedOnToolsVersion = 12.5;
						TestTargetID = FE82FFD9267E082D008DDA1E;
					};
				};
			};
			buildConfigurationList = FE82FFD5267E082D008DDA1E /* Build configuration list for PBXProject "ShopApp" */;
			compatibilityVersion = "Xcode 9.3";
			developmentRegion = en;
			hasScannedForEncodings = 0;
			knownRegions = (
				en,
				Base,
			);
			mainGroup = FE82FFD1267E082D008DDA1E;
			productRefGroup = FE82FFDB267E082D008DDA1E /* Products */;
			projectDirPath = "";
			projectRoot = "";
			targets = (
				FE82FFD9267E082D008DDA1E /* ShopApp */,
				FE82FFEF267E082E008DDA1E /* ShopAppTests */,
				FE82FFFA267E082E008DDA1E /* ShopAppUITests */,
			);
		};
/* End PBXProject section */

/* Begin PBXResourcesBuildPhase section */
		FE82FFD8267E082D008DDA1E /* Resources */ = {
			isa = PBXResourcesBuildPhase;
			buildActionMask = 2147483647;
			files = (
				FE82FFEA267E082E008DDA1E /* LaunchScreen.storyboard in Resources */,
				FE82FFE7267E082E008DDA1E /* Assets.xcassets in Resources */,
			);
			runOnlyForDeploymentPostprocessing = 0;
		};
		FE82FFEE267E082E008DDA1E /* Resources */ = {
			isa = PBXResourcesBuildPhase;
			buildActionMask = 2147483647;
			files = (
			);
			runOnlyForDeploymentPostprocessing = 0;
		};
		FE82FFF9267E082E008DDA1E /* Resources */ = {
			isa = PBXResourcesBuildPhase;
			buildActionMask = 2147483647;
			files = (
			);
			runOnlyForDeploymentPostprocessing = 0;
		};
/* End PBXResourcesBuildPhase section */

/* Begin PBXShellScriptBuildPhase section */
		14368A21AC7C711E3FA0686B /* [CP] Check Pods Manifest.lock */ = {
			isa = PBXShellScriptBuildPhase;
			buildActionMask = 2147483647;
			files = (
			);
			inputFileListPaths = (
			);
			inputPaths = (
				"${PODS_PODFILE_DIR_PATH}/Podfile.lock",
				"${PODS_ROOT}/Manifest.lock",
			);
			name = "[CP] Check Pods Manifest.lock";
			outputFileListPaths = (
			);
			outputPaths = (
				"$(DERIVED_FILE_DIR)/Pods-ShopAppTests-checkManifestLockResult.txt",
			);
			runOnlyForDeploymentPostprocessing = 0;
			shellPath = /bin/sh;
			shellScript = "diff \"${PODS_PODFILE_DIR_PATH}/Podfile.lock\" \"${PODS_ROOT}/Manifest.lock\" > /dev/null\nif [ $? != 0 ] ; then\n    # print error to STDERR\n    echo \"error: The sandbox is not in sync with the Podfile.lock. Run 'pod install' or update your CocoaPods installation.\" >&2\n    exit 1\nfi\n# This output is used by Xcode 'outputs' to avoid re-running this script phase.\necho \"SUCCESS\" > \"${SCRIPT_OUTPUT_FILE_0}\"\n";
			showEnvVarsInLog = 0;
		};
		6CDCC269DD92C551067968F9 /* [CP] Check Pods Manifest.lock */ = {
			isa = PBXShellScriptBuildPhase;
			buildActionMask = 2147483647;
			files = (
			);
			inputFileListPaths = (
			);
			inputPaths = (
				"${PODS_PODFILE_DIR_PATH}/Podfile.lock",
				"${PODS_ROOT}/Manifest.lock",
			);
			name = "[CP] Check Pods Manifest.lock";
			outputFileListPaths = (
			);
			outputPaths = (
				"$(DERIVED_FILE_DIR)/Pods-ShopApp-checkManifestLockResult.txt",
			);
			runOnlyForDeploymentPostprocessing = 0;
			shellPath = /bin/sh;
			shellScript = "diff \"${PODS_PODFILE_DIR_PATH}/Podfile.lock\" \"${PODS_ROOT}/Manifest.lock\" > /dev/null\nif [ $? != 0 ] ; then\n    # print error to STDERR\n    echo \"error: The sandbox is not in sync with the Podfile.lock. Run 'pod install' or update your CocoaPods installation.\" >&2\n    exit 1\nfi\n# This output is used by Xcode 'outputs' to avoid re-running this script phase.\necho \"SUCCESS\" > \"${SCRIPT_OUTPUT_FILE_0}\"\n";
			showEnvVarsInLog = 0;
		};
		94DB8CD064D54BEF3B5E3CCB /* [CP] Embed Pods Frameworks */ = {
			isa = PBXShellScriptBuildPhase;
			buildActionMask = 2147483647;
			files = (
			);
			inputFileListPaths = (
				"${PODS_ROOT}/Target Support Files/Pods-ShopApp/Pods-ShopApp-frameworks-${CONFIGURATION}-input-files.xcfilelist",
			);
			name = "[CP] Embed Pods Frameworks";
			outputFileListPaths = (
				"${PODS_ROOT}/Target Support Files/Pods-ShopApp/Pods-ShopApp-frameworks-${CONFIGURATION}-output-files.xcfilelist",
			);
			runOnlyForDeploymentPostprocessing = 0;
			shellPath = /bin/sh;
			shellScript = "\"${PODS_ROOT}/Target Support Files/Pods-ShopApp/Pods-ShopApp-frameworks.sh\"\n";
			showEnvVarsInLog = 0;
		};
		B399F61EB8B82416D9836A58 /* [CP] Check Pods Manifest.lock */ = {
			isa = PBXShellScriptBuildPhase;
			buildActionMask = 2147483647;
			files = (
			);
			inputFileListPaths = (
			);
			inputPaths = (
				"${PODS_PODFILE_DIR_PATH}/Podfile.lock",
				"${PODS_ROOT}/Manifest.lock",
			);
			name = "[CP] Check Pods Manifest.lock";
			outputFileListPaths = (
			);
			outputPaths = (
				"$(DERIVED_FILE_DIR)/Pods-ShopApp-ShopAppUITests-checkManifestLockResult.txt",
			);
			runOnlyForDeploymentPostprocessing = 0;
			shellPath = /bin/sh;
			shellScript = "diff \"${PODS_PODFILE_DIR_PATH}/Podfile.lock\" \"${PODS_ROOT}/Manifest.lock\" > /dev/null\nif [ $? != 0 ] ; then\n    # print error to STDERR\n    echo \"error: The sandbox is not in sync with the Podfile.lock. Run 'pod install' or update your CocoaPods installation.\" >&2\n    exit 1\nfi\n# This output is used by Xcode 'outputs' to avoid re-running this script phase.\necho \"SUCCESS\" > \"${SCRIPT_OUTPUT_FILE_0}\"\n";
			showEnvVarsInLog = 0;
		};
		B4612333CDF67676D5C34BDC /* [CP] Embed Pods Frameworks */ = {
			isa = PBXShellScriptBuildPhase;
			buildActionMask = 2147483647;
			files = (
			);
			inputFileListPaths = (
				"${PODS_ROOT}/Target Support Files/Pods-ShopApp-ShopAppUITests/Pods-ShopApp-ShopAppUITests-frameworks-${CONFIGURATION}-input-files.xcfilelist",
			);
			name = "[CP] Embed Pods Frameworks";
			outputFileListPaths = (
				"${PODS_ROOT}/Target Support Files/Pods-ShopApp-ShopAppUITests/Pods-ShopApp-ShopAppUITests-frameworks-${CONFIGURATION}-output-files.xcfilelist",
			);
			runOnlyForDeploymentPostprocessing = 0;
			shellPath = /bin/sh;
			shellScript = "\"${PODS_ROOT}/Target Support Files/Pods-ShopApp-ShopAppUITests/Pods-ShopApp-ShopAppUITests-frameworks.sh\"\n";
			showEnvVarsInLog = 0;
		};
/* End PBXShellScriptBuildPhase section */

/* Begin PBXSourcesBuildPhase section */
		FE82FFD6267E082D008DDA1E /* Sources */ = {
			isa = PBXSourcesBuildPhase;
			buildActionMask = 2147483647;
			files = (
				FE103AAF268222250096DBE8 /* RequestFactory.swift in Sources */,
				FE103A9926821EC60096DBE8 /* AbstractErrorParser.swift in Sources */,
				FE103AC3268615B30096DBE8 /* ChangeDataResult.swift in Sources */,
				FE103AC12686156E0096DBE8 /* CheckInResult.swift in Sources */,
				FE103ABC2686052C0096DBE8 /* Constant.swift in Sources */,
				FE103AB62685FEDC0096DBE8 /* DefaultResult.swift in Sources */,
				FE103ABA2685FFE00096DBE8 /* LogoutResult.swift in Sources */,
				FE103A9E26821F110096DBE8 /* DataRequest.swift in Sources */,
				FE103AAA268221E10096DBE8 /* PersonalAreaRequestFactory.swift in Sources */,
				FE103AA3268221420096DBE8 /* RequestRouter.swift in Sources */,
				FE103AD5268B253A0096DBE8 /* OnlyBasicUrl.swift in Sources */,
				FE103ABF268608700096DBE8 /* UserData.swift in Sources */,
				FE82FFDE267E082D008DDA1E /* AppDelegate.swift in Sources */,
				FE103AA5268221690096DBE8 /* LoginResult.swift in Sources */,
				FE103ACD268B201F0096DBE8 /* Catalog.swift in Sources */,
				FE103ACF268B204C0096DBE8 /* CatalogRequestFactory.swift in Sources */,
				FE103AAC268221F20096DBE8 /* PersonalArea.swift in Sources */,
				FE103AA7268221720096DBE8 /* User.swift in Sources */,
				FE82FFE0267E082D008DDA1E /* SceneDelegate.swift in Sources */,
				FE103AA1268221220096DBE8 /* AbstractRequestFactory.swift in Sources */,
				FE103A9B26821EE10096DBE8 /* ErrorParser.swift in Sources */,
				FE103AD3268B21A20096DBE8 /* Product.swift in Sources */,
			);
			runOnlyForDeploymentPostprocessing = 0;
		};
		FE82FFEC267E082E008DDA1E /* Sources */ = {
			isa = PBXSourcesBuildPhase;
			buildActionMask = 2147483647;
			files = (
				FE82FFF5267E082E008DDA1E /* ShopAppPersonalAreaTests.swift in Sources */,
				FE103ACA268B1B0E0096DBE8 /* TestConstant.swift in Sources */,
				FE103AD7268B2E0A0096DBE8 /* ShopAppCatalogTests.swift in Sources */,
			);
			runOnlyForDeploymentPostprocessing = 0;
		};
		FE82FFF7267E082E008DDA1E /* Sources */ = {
			isa = PBXSourcesBuildPhase;
			buildActionMask = 2147483647;
			files = (
				FE820000267E082E008DDA1E /* ShopAppUITests.swift in Sources */,
			);
			runOnlyForDeploymentPostprocessing = 0;
		};
/* End PBXSourcesBuildPhase section */

/* Begin PBXTargetDependency section */
		FE82FFF2267E082E008DDA1E /* PBXTargetDependency */ = {
			isa = PBXTargetDependency;
			target = FE82FFD9267E082D008DDA1E /* ShopApp */;
			targetProxy = FE82FFF1267E082E008DDA1E /* PBXContainerItemProxy */;
		};
		FE82FFFD267E082E008DDA1E /* PBXTargetDependency */ = {
			isa = PBXTargetDependency;
			target = FE82FFD9267E082D008DDA1E /* ShopApp */;
			targetProxy = FE82FFFC267E082E008DDA1E /* PBXContainerItemProxy */;
		};
/* End PBXTargetDependency section */

/* Begin PBXVariantGroup section */
		FE82FFE8267E082E008DDA1E /* LaunchScreen.storyboard */ = {
			isa = PBXVariantGroup;
			children = (
				FE82FFE9267E082E008DDA1E /* Base */,
			);
			name = LaunchScreen.storyboard;
			sourceTree = "<group>";
		};
/* End PBXVariantGroup section */

/* Begin XCBuildConfiguration section */
		FE820002267E082E008DDA1E /* Debug */ = {
			isa = XCBuildConfiguration;
			buildSettings = {
				ALWAYS_SEARCH_USER_PATHS = NO;
				CLANG_ANALYZER_NONNULL = YES;
				CLANG_ANALYZER_NUMBER_OBJECT_CONVERSION = YES_AGGRESSIVE;
				CLANG_CXX_LANGUAGE_STANDARD = "gnu++14";
				CLANG_CXX_LIBRARY = "libc++";
				CLANG_ENABLE_MODULES = YES;
				CLANG_ENABLE_OBJC_ARC = YES;
				CLANG_ENABLE_OBJC_WEAK = YES;
				CLANG_WARN_BLOCK_CAPTURE_AUTORELEASING = YES;
				CLANG_WARN_BOOL_CONVERSION = YES;
				CLANG_WARN_COMMA = YES;
				CLANG_WARN_CONSTANT_CONVERSION = YES;
				CLANG_WARN_DEPRECATED_OBJC_IMPLEMENTATIONS = YES;
				CLANG_WARN_DIRECT_OBJC_ISA_USAGE = YES_ERROR;
				CLANG_WARN_DOCUMENTATION_COMMENTS = YES;
				CLANG_WARN_EMPTY_BODY = YES;
				CLANG_WARN_ENUM_CONVERSION = YES;
				CLANG_WARN_INFINITE_RECURSION = YES;
				CLANG_WARN_INT_CONVERSION = YES;
				CLANG_WARN_NON_LITERAL_NULL_CONVERSION = YES;
				CLANG_WARN_OBJC_IMPLICIT_RETAIN_SELF = YES;
				CLANG_WARN_OBJC_LITERAL_CONVERSION = YES;
				CLANG_WARN_OBJC_ROOT_CLASS = YES_ERROR;
				CLANG_WARN_QUOTED_INCLUDE_IN_FRAMEWORK_HEADER = YES;
				CLANG_WARN_RANGE_LOOP_ANALYSIS = YES;
				CLANG_WARN_STRICT_PROTOTYPES = YES;
				CLANG_WARN_SUSPICIOUS_MOVE = YES;
				CLANG_WARN_UNGUARDED_AVAILABILITY = YES_AGGRESSIVE;
				CLANG_WARN_UNREACHABLE_CODE = YES;
				CLANG_WARN__DUPLICATE_METHOD_MATCH = YES;
				COPY_PHASE_STRIP = NO;
				DEBUG_INFORMATION_FORMAT = dwarf;
				ENABLE_STRICT_OBJC_MSGSEND = YES;
				ENABLE_TESTABILITY = YES;
				GCC_C_LANGUAGE_STANDARD = gnu11;
				GCC_DYNAMIC_NO_PIC = NO;
				GCC_NO_COMMON_BLOCKS = YES;
				GCC_OPTIMIZATION_LEVEL = 0;
				GCC_PREPROCESSOR_DEFINITIONS = (
					"DEBUG=1",
					"$(inherited)",
				);
				GCC_WARN_64_TO_32_BIT_CONVERSION = YES;
				GCC_WARN_ABOUT_RETURN_TYPE = YES_ERROR;
				GCC_WARN_UNDECLARED_SELECTOR = YES;
				GCC_WARN_UNINITIALIZED_AUTOS = YES_AGGRESSIVE;
				GCC_WARN_UNUSED_FUNCTION = YES;
				GCC_WARN_UNUSED_VARIABLE = YES;
				IPHONEOS_DEPLOYMENT_TARGET = 14.5;
				MTL_ENABLE_DEBUG_INFO = INCLUDE_SOURCE;
				MTL_FAST_MATH = YES;
				ONLY_ACTIVE_ARCH = YES;
				SDKROOT = iphoneos;
				SWIFT_ACTIVE_COMPILATION_CONDITIONS = DEBUG;
				SWIFT_OPTIMIZATION_LEVEL = "-Onone";
			};
			name = Debug;
		};
		FE820003267E082E008DDA1E /* Release */ = {
			isa = XCBuildConfiguration;
			buildSettings = {
				ALWAYS_SEARCH_USER_PATHS = NO;
				CLANG_ANALYZER_NONNULL = YES;
				CLANG_ANALYZER_NUMBER_OBJECT_CONVERSION = YES_AGGRESSIVE;
				CLANG_CXX_LANGUAGE_STANDARD = "gnu++14";
				CLANG_CXX_LIBRARY = "libc++";
				CLANG_ENABLE_MODULES = YES;
				CLANG_ENABLE_OBJC_ARC = YES;
				CLANG_ENABLE_OBJC_WEAK = YES;
				CLANG_WARN_BLOCK_CAPTURE_AUTORELEASING = YES;
				CLANG_WARN_BOOL_CONVERSION = YES;
				CLANG_WARN_COMMA = YES;
				CLANG_WARN_CONSTANT_CONVERSION = YES;
				CLANG_WARN_DEPRECATED_OBJC_IMPLEMENTATIONS = YES;
				CLANG_WARN_DIRECT_OBJC_ISA_USAGE = YES_ERROR;
				CLANG_WARN_DOCUMENTATION_COMMENTS = YES;
				CLANG_WARN_EMPTY_BODY = YES;
				CLANG_WARN_ENUM_CONVERSION = YES;
				CLANG_WARN_INFINITE_RECURSION = YES;
				CLANG_WARN_INT_CONVERSION = YES;
				CLANG_WARN_NON_LITERAL_NULL_CONVERSION = YES;
				CLANG_WARN_OBJC_IMPLICIT_RETAIN_SELF = YES;
				CLANG_WARN_OBJC_LITERAL_CONVERSION = YES;
				CLANG_WARN_OBJC_ROOT_CLASS = YES_ERROR;
				CLANG_WARN_QUOTED_INCLUDE_IN_FRAMEWORK_HEADER = YES;
				CLANG_WARN_RANGE_LOOP_ANALYSIS = YES;
				CLANG_WARN_STRICT_PROTOTYPES = YES;
				CLANG_WARN_SUSPICIOUS_MOVE = YES;
				CLANG_WARN_UNGUARDED_AVAILABILITY = YES_AGGRESSIVE;
				CLANG_WARN_UNREACHABLE_CODE = YES;
				CLANG_WARN__DUPLICATE_METHOD_MATCH = YES;
				COPY_PHASE_STRIP = NO;
				DEBUG_INFORMATION_FORMAT = "dwarf-with-dsym";
				ENABLE_NS_ASSERTIONS = NO;
				ENABLE_STRICT_OBJC_MSGSEND = YES;
				GCC_C_LANGUAGE_STANDARD = gnu11;
				GCC_NO_COMMON_BLOCKS = YES;
				GCC_WARN_64_TO_32_BIT_CONVERSION = YES;
				GCC_WARN_ABOUT_RETURN_TYPE = YES_ERROR;
				GCC_WARN_UNDECLARED_SELECTOR = YES;
				GCC_WARN_UNINITIALIZED_AUTOS = YES_AGGRESSIVE;
				GCC_WARN_UNUSED_FUNCTION = YES;
				GCC_WARN_UNUSED_VARIABLE = YES;
				IPHONEOS_DEPLOYMENT_TARGET = 14.5;
				MTL_ENABLE_DEBUG_INFO = NO;
				MTL_FAST_MATH = YES;
				SDKROOT = iphoneos;
				SWIFT_COMPILATION_MODE = wholemodule;
				SWIFT_OPTIMIZATION_LEVEL = "-O";
				VALIDATE_PRODUCT = YES;
			};
			name = Release;
		};
		FE820005267E082E008DDA1E /* Debug */ = {
			isa = XCBuildConfiguration;
			baseConfigurationReference = 03D760D2456488B09D0118CE /* Pods-ShopApp.debug.xcconfig */;
			buildSettings = {
				ASSETCATALOG_COMPILER_APPICON_NAME = AppIcon;
				ASSETCATALOG_COMPILER_GLOBAL_ACCENT_COLOR_NAME = AccentColor;
				CODE_SIGN_STYLE = Automatic;
				DEVELOPMENT_TEAM = G7624CK49F;
				INFOPLIST_FILE = ShopApp/Environments/Info.plist;
				LD_RUNPATH_SEARCH_PATHS = (
					"$(inherited)",
					"@executable_path/Frameworks",
				);
				PRODUCT_BUNDLE_IDENTIFIER = RSafargalin.ShopApp;
				PRODUCT_NAME = "$(TARGET_NAME)";
				SWIFT_VERSION = 5.0;
				TARGETED_DEVICE_FAMILY = "1,2";
			};
			name = Debug;
		};
		FE820006267E082E008DDA1E /* Release */ = {
			isa = XCBuildConfiguration;
			baseConfigurationReference = 4960DC47E3B63E64EE7D05CF /* Pods-ShopApp.release.xcconfig */;
			buildSettings = {
				ASSETCATALOG_COMPILER_APPICON_NAME = AppIcon;
				ASSETCATALOG_COMPILER_GLOBAL_ACCENT_COLOR_NAME = AccentColor;
				CODE_SIGN_STYLE = Automatic;
				DEVELOPMENT_TEAM = G7624CK49F;
				INFOPLIST_FILE = ShopApp/Environments/Info.plist;
				LD_RUNPATH_SEARCH_PATHS = (
					"$(inherited)",
					"@executable_path/Frameworks",
				);
				PRODUCT_BUNDLE_IDENTIFIER = RSafargalin.ShopApp;
				PRODUCT_NAME = "$(TARGET_NAME)";
				SWIFT_VERSION = 5.0;
				TARGETED_DEVICE_FAMILY = "1,2";
			};
			name = Release;
		};
		FE820008267E082E008DDA1E /* Debug */ = {
			isa = XCBuildConfiguration;
			baseConfigurationReference = 3C28CA805B8CB2C7F43958A7 /* Pods-ShopAppTests.debug.xcconfig */;
			buildSettings = {
				ALWAYS_EMBED_SWIFT_STANDARD_LIBRARIES = YES;
				BUNDLE_LOADER = "$(TEST_HOST)";
				CODE_SIGN_STYLE = Automatic;
				DEVELOPMENT_TEAM = G7624CK49F;
				INFOPLIST_FILE = ShopAppTests/Info.plist;
				IPHONEOS_DEPLOYMENT_TARGET = 14.5;
				LD_RUNPATH_SEARCH_PATHS = (
					"$(inherited)",
					"@executable_path/Frameworks",
					"@loader_path/Frameworks",
				);
				PRODUCT_BUNDLE_IDENTIFIER = RSafargalin.ShopAppTests;
				PRODUCT_NAME = "$(TARGET_NAME)";
				SWIFT_VERSION = 5.0;
				TARGETED_DEVICE_FAMILY = "1,2";
				TEST_HOST = "$(BUILT_PRODUCTS_DIR)/ShopApp.app/ShopApp";
			};
			name = Debug;
		};
		FE820009267E082E008DDA1E /* Release */ = {
			isa = XCBuildConfiguration;
			baseConfigurationReference = E61E925B9F9EE1BF511AF495 /* Pods-ShopAppTests.release.xcconfig */;
			buildSettings = {
				ALWAYS_EMBED_SWIFT_STANDARD_LIBRARIES = YES;
				BUNDLE_LOADER = "$(TEST_HOST)";
				CODE_SIGN_STYLE = Automatic;
				DEVELOPMENT_TEAM = G7624CK49F;
				INFOPLIST_FILE = ShopAppTests/Info.plist;
				IPHONEOS_DEPLOYMENT_TARGET = 14.5;
				LD_RUNPATH_SEARCH_PATHS = (
					"$(inherited)",
					"@executable_path/Frameworks",
					"@loader_path/Frameworks",
				);
				PRODUCT_BUNDLE_IDENTIFIER = RSafargalin.ShopAppTests;
				PRODUCT_NAME = "$(TARGET_NAME)";
				SWIFT_VERSION = 5.0;
				TARGETED_DEVICE_FAMILY = "1,2";
				TEST_HOST = "$(BUILT_PRODUCTS_DIR)/ShopApp.app/ShopApp";
			};
			name = Release;
		};
		FE82000B267E082E008DDA1E /* Debug */ = {
			isa = XCBuildConfiguration;
			baseConfigurationReference = BA0BFE8996D6E7DB4CB43601 /* Pods-ShopApp-ShopAppUITests.debug.xcconfig */;
			buildSettings = {
				ALWAYS_EMBED_SWIFT_STANDARD_LIBRARIES = YES;
				CODE_SIGN_STYLE = Automatic;
				DEVELOPMENT_TEAM = G7624CK49F;
				INFOPLIST_FILE = ShopAppUITests/Info.plist;
				LD_RUNPATH_SEARCH_PATHS = (
					"$(inherited)",
					"@executable_path/Frameworks",
					"@loader_path/Frameworks",
				);
				PRODUCT_BUNDLE_IDENTIFIER = RSafargalin.ShopAppUITests;
				PRODUCT_NAME = "$(TARGET_NAME)";
				SWIFT_VERSION = 5.0;
				TARGETED_DEVICE_FAMILY = "1,2";
				TEST_TARGET_NAME = ShopApp;
			};
			name = Debug;
		};
		FE82000C267E082E008DDA1E /* Release */ = {
			isa = XCBuildConfiguration;
			baseConfigurationReference = 53C3BEFCF3E06C7B5BB1ED88 /* Pods-ShopApp-ShopAppUITests.release.xcconfig */;
			buildSettings = {
				ALWAYS_EMBED_SWIFT_STANDARD_LIBRARIES = YES;
				CODE_SIGN_STYLE = Automatic;
				DEVELOPMENT_TEAM = G7624CK49F;
				INFOPLIST_FILE = ShopAppUITests/Info.plist;
				LD_RUNPATH_SEARCH_PATHS = (
					"$(inherited)",
					"@executable_path/Frameworks",
					"@loader_path/Frameworks",
				);
				PRODUCT_BUNDLE_IDENTIFIER = RSafargalin.ShopAppUITests;
				PRODUCT_NAME = "$(TARGET_NAME)";
				SWIFT_VERSION = 5.0;
				TARGETED_DEVICE_FAMILY = "1,2";
				TEST_TARGET_NAME = ShopApp;
			};
			name = Release;
		};
/* End XCBuildConfiguration section */

/* Begin XCConfigurationList section */
		FE820004267E082E008DDA1E /* Build configuration list for PBXNativeTarget "ShopApp" */ = {
			isa = XCConfigurationList;
			buildConfigurations = (
				FE820005267E082E008DDA1E /* Debug */,
				FE820006267E082E008DDA1E /* Release */,
			);
			defaultConfigurationIsVisible = 0;
			defaultConfigurationName = Release;
		};
		FE820007267E082E008DDA1E /* Build configuration list for PBXNativeTarget "ShopAppTests" */ = {
			isa = XCConfigurationList;
			buildConfigurations = (
				FE820008267E082E008DDA1E /* Debug */,
				FE820009267E082E008DDA1E /* Release */,
			);
			defaultConfigurationIsVisible = 0;
			defaultConfigurationName = Release;
		};
		FE82000A267E082E008DDA1E /* Build configuration list for PBXNativeTarget "ShopAppUITests" */ = {
			isa = XCConfigurationList;
			buildConfigurations = (
				FE82000B267E082E008DDA1E /* Debug */,
				FE82000C267E082E008DDA1E /* Release */,
			);
			defaultConfigurationIsVisible = 0;
			defaultConfigurationName = Release;
		};
		FE82FFD5267E082D008DDA1E /* Build configuration list for PBXProject "ShopApp" */ = {
			isa = XCConfigurationList;
			buildConfigurations = (
				FE820002267E082E008DDA1E /* Debug */,
				FE820003267E082E008DDA1E /* Release */,
			);
			defaultConfigurationIsVisible = 0;
			defaultConfigurationName = Release;
		};
/* End XCConfigurationList section */
	};
	rootObject = FE82FFD2267E082D008DDA1E /* Project object */;
}
